
Microsoft Visual Studio Solution File, Format Version 12.00
# Visual Studio Version 16
VisualStudioVersion = 16.0.29201.188
MinimumVisualStudioVersion = 10.0.40219.1
Project("{FAE04EC0-301F-11D3-BF4B-00C04F79EFBC}") = "Ensemble", "Ensemble\Ensemble.csproj", "{5618852C-6ACC-44CF-A57D-72567BA14955}"
EndProject
Project("{FAE04EC0-301F-11D3-BF4B-00C04F79EFBC}") = "ML.Models", "ML.Models\ML.Models.csproj", "{2276AC78-6355-4B0B-B897-8581901601C7}"
EndProject
Global
	GlobalSection(SolutionConfigurationPlatforms) = preSolution
		Debug|Any CPU = Debug|Any CPU
		Release|Any CPU = Release|Any CPU
	EndGlobalSection
	GlobalSection(ProjectConfigurationPlatforms) = postSolution
		{5618852C-6ACC-44CF-A57D-72567BA14955}.Debug|Any CPU.ActiveCfg = Debug|Any CPU
		{5618852C-6ACC-44CF-A57D-72567BA14955}.Debug|Any CPU.Build.0 = Debug|Any CPU
		{5618852C-6ACC-44CF-A57D-72567BA14955}.Release|Any CPU.ActiveCfg = Release|Any CPU
		{5618852C-6ACC-44CF-A57D-72567BA14955}.Release|Any CPU.Build.0 = Release|Any CPU
		{2276AC78-6355-4B0B-B897-8581901601C7}.Debug|Any CPU.ActiveCfg = Debug|Any CPU
		{2276AC78-6355-4B0B-B897-8581901601C7}.Debug|Any CPU.Build.0 = Debug|Any CPU
		{2276AC78-6355-4B0B-B897-8581901601C7}.Release|Any CPU.ActiveCfg = Release|Any CPU
		{2276AC78-6355-4B0B-B897-8581901601C7}.Release|Any CPU.Build.0 = Release|Any CPU
	EndGlobalSection
	GlobalSection(SolutionProperties) = preSolution
		HideSolutionNode = FALSE
	EndGlobalSection
	GlobalSection(ExtensibilityGlobals) = postSolution
		SolutionGuid = {F693374C-4180-4C6C-AF90-BC732A878863}
	EndGlobalSection
EndGlobal
